
Microsoft Visual Studio Solution File, Format Version 12.00
# Visual Studio Version 17
VisualStudioVersion = 17.7.34202.233
MinimumVisualStudioVersion = 10.0.40219.1
Project("{FAE04EC0-301F-11D3-BF4B-00C04F79EFBC}") = "4.2", "4.2\4.2.csproj", "{55A417A4-0083-4D19-833C-74040E90EC8F}"
EndProject
Global
	GlobalSection(SolutionConfigurationPlatforms) = preSolution
		Debug|Any CPU = Debug|Any CPU
		Release|Any CPU = Release|Any CPU
	EndGlobalSection
	GlobalSection(ProjectConfigurationPlatforms) = postSolution
		{55A417A4-0083-4D19-833C-74040E90EC8F}.Debug|Any CPU.ActiveCfg = Debug|Any CPU
		{55A417A4-0083-4D19-833C-74040E90EC8F}.Debug|Any CPU.Build.0 = Debug|Any CPU
		{55A417A4-0083-4D19-833C-74040E90EC8F}.Release|Any CPU.ActiveCfg = Release|Any CPU
		{55A417A4-0083-4D19-833C-74040E90EC8F}.Release|Any CPU.Build.0 = Release|Any CPU
	EndGlobalSection
	GlobalSection(SolutionProperties) = preSolution
		HideSolutionNode = FALSE
	EndGlobalSection
	GlobalSection(ExtensibilityGlobals) = postSolution
		SolutionGuid = {1F01CAD4-2E95-4F22-AB9E-1AB5E5930AC6}
	EndGlobalSection
EndGlobal
