
Microsoft Visual Studio Solution File, Format Version 12.00
# Visual Studio Version 17
VisualStudioVersion = 17.7.34202.233
MinimumVisualStudioVersion = 10.0.40219.1
Project("{FAE04EC0-301F-11D3-BF4B-00C04F79EFBC}") = "6.2", "6.2\6.2.csproj", "{52395B3D-B1BB-438B-8737-B6196BC102CD}"
EndProject
Global
	GlobalSection(SolutionConfigurationPlatforms) = preSolution
		Debug|Any CPU = Debug|Any CPU
		Release|Any CPU = Release|Any CPU
	EndGlobalSection
	GlobalSection(ProjectConfigurationPlatforms) = postSolution
		{52395B3D-B1BB-438B-8737-B6196BC102CD}.Debug|Any CPU.ActiveCfg = Debug|Any CPU
		{52395B3D-B1BB-438B-8737-B6196BC102CD}.Debug|Any CPU.Build.0 = Debug|Any CPU
		{52395B3D-B1BB-438B-8737-B6196BC102CD}.Release|Any CPU.ActiveCfg = Release|Any CPU
		{52395B3D-B1BB-438B-8737-B6196BC102CD}.Release|Any CPU.Build.0 = Release|Any CPU
	EndGlobalSection
	GlobalSection(SolutionProperties) = preSolution
		HideSolutionNode = FALSE
	EndGlobalSection
	GlobalSection(ExtensibilityGlobals) = postSolution
		SolutionGuid = {C501422C-3AFC-4363-8FEA-BA1633210811}
	EndGlobalSection
EndGlobal
